
Microsoft Visual Studio Solution File, Format Version 12.00
# Visual Studio 15
VisualStudioVersion = 15.0.28307.271
MinimumVisualStudioVersion = 10.0.40219.1
Project("{FAE04EC0-301F-11D3-BF4B-00C04F79EFBC}") = "HeroMonsterGroupProject", "HeroMonsterGroupProject\HeroMonsterGroupProject.csproj", "{113068A0-A47E-4823-9F96-766DA31CB3E3}"
EndProject
Global
	GlobalSection(SolutionConfigurationPlatforms) = preSolution
		Debug|Any CPU = Debug|Any CPU
		Release|Any CPU = Release|Any CPU
	EndGlobalSection
	GlobalSection(ProjectConfigurationPlatforms) = postSolution
		{113068A0-A47E-4823-9F96-766DA31CB3E3}.Debug|Any CPU.ActiveCfg = Debug|Any CPU
		{113068A0-A47E-4823-9F96-766DA31CB3E3}.Debug|Any CPU.Build.0 = Debug|Any CPU
		{113068A0-A47E-4823-9F96-766DA31CB3E3}.Release|Any CPU.ActiveCfg = Release|Any CPU
		{113068A0-A47E-4823-9F96-766DA31CB3E3}.Release|Any CPU.Build.0 = Release|Any CPU
	EndGlobalSection
	GlobalSection(SolutionProperties) = preSolution
		HideSolutionNode = FALSE
	EndGlobalSection
	GlobalSection(ExtensibilityGlobals) = postSolution
		SolutionGuid = {4EB546F1-BC4E-4D0C-9531-E3DB1A50545A}
	EndGlobalSection
EndGlobal
